# This file is autogenerated, do not edit; changes may be undone by the next 'dep ensure'.


[[projects]]
  branch = "master"
  name = "github.com/fluent/fluent-bit-go"
  packages = ["output"]
  revision = "c4a158a6e3a793166c6ecfa2d5c80d71eada8959"

[[projects]]
  name = "github.com/ugorji/go"
  packages = ["codec"]
  revision = "b4c50a2b199d93b13dc15e78929cfb23bfdf21ab"
  version = "v1.1.1"

[solve-meta]
  analyzer-name = "dep"
  analyzer-version = 1
  inputs-digest = "7fb3bd6a60bca3d2de8971cf573ae8acf6b74bd200f0b58519fb09e201358773"
  solver-name = "gps-cdcl"
  solver-version = 1
